
Microsoft Visual Studio Solution File, Format Version 12.00
# Visual Studio Version 16
VisualStudioVersion = 16.0.29613.14
MinimumVisualStudioVersion = 10.0.40219.1
Project("{FAE04EC0-301F-11D3-BF4B-00C04F79EFBC}") = "IpamFix", "IpamFix\IpamFix.csproj", "{56C25AE9-946A-447D-BDDD-4D9D9B3E0316}"
EndProject
Project("{2150E333-8FDC-42A3-9474-1A3956D46DE8}") = "Solution Items", "Solution Items", "{EDCBAFE6-9870-4721-AFA6-388ACB24892F}"
	ProjectSection(SolutionItems) = preProject
		README.md = README.md
	EndProjectSection
EndProject
Global
	GlobalSection(SolutionConfigurationPlatforms) = preSolution
		Debug|Any CPU = Debug|Any CPU
		Release|Any CPU = Release|Any CPU
	EndGlobalSection
	GlobalSection(ProjectConfigurationPlatforms) = postSolution
		{56C25AE9-946A-447D-BDDD-4D9D9B3E0316}.Debug|Any CPU.ActiveCfg = Debug|Any CPU
		{56C25AE9-946A-447D-BDDD-4D9D9B3E0316}.Debug|Any CPU.Build.0 = Debug|Any CPU
		{56C25AE9-946A-447D-BDDD-4D9D9B3E0316}.Release|Any CPU.ActiveCfg = Release|Any CPU
		{56C25AE9-946A-447D-BDDD-4D9D9B3E0316}.Release|Any CPU.Build.0 = Release|Any CPU
	EndGlobalSection
	GlobalSection(SolutionProperties) = preSolution
		HideSolutionNode = FALSE
	EndGlobalSection
	GlobalSection(ExtensibilityGlobals) = postSolution
		SolutionGuid = {00CA8A31-B556-4E09-A81D-4094573FB0F3}
	EndGlobalSection
EndGlobal
