
Microsoft Visual Studio Solution File, Format Version 12.00
# Visual Studio Version 16
VisualStudioVersion = 16.0.29613.14
MinimumVisualStudioVersion = 10.0.40219.1
Project("{FAE04EC0-301F-11D3-BF4B-00C04F79EFBC}") = "first-ipam", "first-ipam\first-ipam.csproj", "{24803D0D-0075-4F3C-AEBD-86BC6BAB4C04}"
EndProject
Project("{2150E333-8FDC-42A3-9474-1A3956D46DE8}") = "Solution Items", "Solution Items", "{A9514239-C66E-4C80-A982-8681AF82041A}"
	ProjectSection(SolutionItems) = preProject
		README.md = README.md
	EndProjectSection
EndProject
Global
	GlobalSection(SolutionConfigurationPlatforms) = preSolution
		Debug|Any CPU = Debug|Any CPU
		Release|Any CPU = Release|Any CPU
	EndGlobalSection
	GlobalSection(ProjectConfigurationPlatforms) = postSolution
		{24803D0D-0075-4F3C-AEBD-86BC6BAB4C04}.Debug|Any CPU.ActiveCfg = Debug|Any CPU
		{24803D0D-0075-4F3C-AEBD-86BC6BAB4C04}.Debug|Any CPU.Build.0 = Debug|Any CPU
		{24803D0D-0075-4F3C-AEBD-86BC6BAB4C04}.Release|Any CPU.ActiveCfg = Release|Any CPU
		{24803D0D-0075-4F3C-AEBD-86BC6BAB4C04}.Release|Any CPU.Build.0 = Release|Any CPU
	EndGlobalSection
	GlobalSection(SolutionProperties) = preSolution
		HideSolutionNode = FALSE
	EndGlobalSection
	GlobalSection(ExtensibilityGlobals) = postSolution
		SolutionGuid = {E0F02BA0-B268-49B3-A2B8-6FD7E714F12F}
	EndGlobalSection
EndGlobal
