
Microsoft Visual Studio Solution File, Format Version 12.00
# Visual Studio Version 16
VisualStudioVersion = 16.0.29911.84
MinimumVisualStudioVersion = 10.0.40219.1
Project("{FAE04EC0-301F-11D3-BF4B-00C04F79EFBC}") = "LineEndingsAnalyzer", "LineEndingsAnalyzer\LineEndingsAnalyzer.csproj", "{E9869CE2-8526-49FF-BF55-585EFFAA734F}"
EndProject
Global
	GlobalSection(SolutionConfigurationPlatforms) = preSolution
		Debug|Any CPU = Debug|Any CPU
		Release|Any CPU = Release|Any CPU
	EndGlobalSection
	GlobalSection(ProjectConfigurationPlatforms) = postSolution
		{E9869CE2-8526-49FF-BF55-585EFFAA734F}.Debug|Any CPU.ActiveCfg = Debug|Any CPU
		{E9869CE2-8526-49FF-BF55-585EFFAA734F}.Debug|Any CPU.Build.0 = Debug|Any CPU
		{E9869CE2-8526-49FF-BF55-585EFFAA734F}.Release|Any CPU.ActiveCfg = Release|Any CPU
		{E9869CE2-8526-49FF-BF55-585EFFAA734F}.Release|Any CPU.Build.0 = Release|Any CPU
	EndGlobalSection
	GlobalSection(SolutionProperties) = preSolution
		HideSolutionNode = FALSE
	EndGlobalSection
	GlobalSection(ExtensibilityGlobals) = postSolution
		SolutionGuid = {0EE87C18-5A62-4940-A33A-1014E2E4E80E}
	EndGlobalSection
EndGlobal
