
Microsoft Visual Studio Solution File, Format Version 12.00
# Visual Studio Version 16
VisualStudioVersion = 16.0.29519.181
MinimumVisualStudioVersion = 10.0.40219.1
Project("{FAE04EC0-301F-11D3-BF4B-00C04F79EFBC}") = "F5IPTagFinder", "F5IPTagFinder\F5IPTagFinder.csproj", "{FC62DF5E-48D3-433C-ADA6-3D78854D0ED0}"
EndProject
Project("{FAE04EC0-301F-11D3-BF4B-00C04F79EFBC}") = "UnitTests", "UnitTests\UnitTests.csproj", "{C7E52360-8C25-477A-9D83-4E010E48C7B0}"
EndProject
Global
	GlobalSection(SolutionConfigurationPlatforms) = preSolution
		Debug|Any CPU = Debug|Any CPU
		Release|Any CPU = Release|Any CPU
	EndGlobalSection
	GlobalSection(ProjectConfigurationPlatforms) = postSolution
		{FC62DF5E-48D3-433C-ADA6-3D78854D0ED0}.Debug|Any CPU.ActiveCfg = Debug|Any CPU
		{FC62DF5E-48D3-433C-ADA6-3D78854D0ED0}.Debug|Any CPU.Build.0 = Debug|Any CPU
		{FC62DF5E-48D3-433C-ADA6-3D78854D0ED0}.Release|Any CPU.ActiveCfg = Release|Any CPU
		{FC62DF5E-48D3-433C-ADA6-3D78854D0ED0}.Release|Any CPU.Build.0 = Release|Any CPU
		{C7E52360-8C25-477A-9D83-4E010E48C7B0}.Debug|Any CPU.ActiveCfg = Debug|Any CPU
		{C7E52360-8C25-477A-9D83-4E010E48C7B0}.Debug|Any CPU.Build.0 = Debug|Any CPU
		{C7E52360-8C25-477A-9D83-4E010E48C7B0}.Release|Any CPU.ActiveCfg = Release|Any CPU
		{C7E52360-8C25-477A-9D83-4E010E48C7B0}.Release|Any CPU.Build.0 = Release|Any CPU
	EndGlobalSection
	GlobalSection(SolutionProperties) = preSolution
		HideSolutionNode = FALSE
	EndGlobalSection
	GlobalSection(ExtensibilityGlobals) = postSolution
		SolutionGuid = {50FD4678-86C1-49C0-A640-BB694D0BAFF6}
	EndGlobalSection
EndGlobal
