
Microsoft Visual Studio Solution File, Format Version 12.00
# Visual Studio Version 16
VisualStudioVersion = 16.0.29503.13
MinimumVisualStudioVersion = 10.0.40219.1
Project("{FAE04EC0-301F-11D3-BF4B-00C04F79EFBC}") = "UnitTests", "UnitTests\UnitTests.csproj", "{1747C63E-3BE1-408F-9FE0-32EC4CC8503A}"
EndProject
Project("{FAE04EC0-301F-11D3-BF4B-00C04F79EFBC}") = "Testbed", "Testbed\Testbed.csproj", "{AAFFD7F6-B8C0-4B2A-AFFB-7619A28668F6}"
EndProject
Project("{FAE04EC0-301F-11D3-BF4B-00C04F79EFBC}") = "Applets", "Applets\Applets.csproj", "{AA05B379-F43B-4F73-998D-D8468EC8DECB}"
EndProject
Global
	GlobalSection(SolutionConfigurationPlatforms) = preSolution
		Debug|Any CPU = Debug|Any CPU
		Release|Any CPU = Release|Any CPU
	EndGlobalSection
	GlobalSection(ProjectConfigurationPlatforms) = postSolution
		{1747C63E-3BE1-408F-9FE0-32EC4CC8503A}.Debug|Any CPU.ActiveCfg = Debug|Any CPU
		{1747C63E-3BE1-408F-9FE0-32EC4CC8503A}.Debug|Any CPU.Build.0 = Debug|Any CPU
		{1747C63E-3BE1-408F-9FE0-32EC4CC8503A}.Release|Any CPU.ActiveCfg = Release|Any CPU
		{1747C63E-3BE1-408F-9FE0-32EC4CC8503A}.Release|Any CPU.Build.0 = Release|Any CPU
		{AAFFD7F6-B8C0-4B2A-AFFB-7619A28668F6}.Debug|Any CPU.ActiveCfg = Debug|Any CPU
		{AAFFD7F6-B8C0-4B2A-AFFB-7619A28668F6}.Debug|Any CPU.Build.0 = Debug|Any CPU
		{AAFFD7F6-B8C0-4B2A-AFFB-7619A28668F6}.Release|Any CPU.ActiveCfg = Release|Any CPU
		{AAFFD7F6-B8C0-4B2A-AFFB-7619A28668F6}.Release|Any CPU.Build.0 = Release|Any CPU
		{AA05B379-F43B-4F73-998D-D8468EC8DECB}.Debug|Any CPU.ActiveCfg = Debug|Any CPU
		{AA05B379-F43B-4F73-998D-D8468EC8DECB}.Debug|Any CPU.Build.0 = Debug|Any CPU
		{AA05B379-F43B-4F73-998D-D8468EC8DECB}.Release|Any CPU.ActiveCfg = Release|Any CPU
		{AA05B379-F43B-4F73-998D-D8468EC8DECB}.Release|Any CPU.Build.0 = Release|Any CPU
	EndGlobalSection
	GlobalSection(SolutionProperties) = preSolution
		HideSolutionNode = FALSE
	EndGlobalSection
	GlobalSection(ExtensibilityGlobals) = postSolution
		SolutionGuid = {542ED29B-AA07-4C1B-A828-982B74758D63}
	EndGlobalSection
EndGlobal
